
Microsoft Visual Studio Solution File, Format Version 12.00
# Visual Studio Version 17
VisualStudioVersion = 17.0.32002.185
MinimumVisualStudioVersion = 10.0.40219.1
Project("{FAE04EC0-301F-11D3-BF4B-00C04F79EFBC}") = "SimpleApi", "SimpleApi\SimpleApi.csproj", "{85848735-E1A7-405E-BB06-2ADCA52C8C4A}"
EndProject
Project("{FAE04EC0-301F-11D3-BF4B-00C04F79EFBC}") = "Api.Domain", "Api.Domain\Api.Domain.csproj", "{C74202E8-25EF-4C7E-9060-C6AC8953528B}"
EndProject
Project("{FAE04EC0-301F-11D3-BF4B-00C04F79EFBC}") = "Api.Repository", "Api.Repository\Api.Repository.csproj", "{A983672F-F455-48CB-8609-D76A2A9C7A6B}"
EndProject
Global
	GlobalSection(SolutionConfigurationPlatforms) = preSolution
		Debug|Any CPU = Debug|Any CPU
		Release|Any CPU = Release|Any CPU
	EndGlobalSection
	GlobalSection(ProjectConfigurationPlatforms) = postSolution
		{85848735-E1A7-405E-BB06-2ADCA52C8C4A}.Debug|Any CPU.ActiveCfg = Debug|Any CPU
		{85848735-E1A7-405E-BB06-2ADCA52C8C4A}.Debug|Any CPU.Build.0 = Debug|Any CPU
		{85848735-E1A7-405E-BB06-2ADCA52C8C4A}.Release|Any CPU.ActiveCfg = Release|Any CPU
		{85848735-E1A7-405E-BB06-2ADCA52C8C4A}.Release|Any CPU.Build.0 = Release|Any CPU
		{C74202E8-25EF-4C7E-9060-C6AC8953528B}.Debug|Any CPU.ActiveCfg = Debug|Any CPU
		{C74202E8-25EF-4C7E-9060-C6AC8953528B}.Debug|Any CPU.Build.0 = Debug|Any CPU
		{C74202E8-25EF-4C7E-9060-C6AC8953528B}.Release|Any CPU.ActiveCfg = Release|Any CPU
		{C74202E8-25EF-4C7E-9060-C6AC8953528B}.Release|Any CPU.Build.0 = Release|Any CPU
		{A983672F-F455-48CB-8609-D76A2A9C7A6B}.Debug|Any CPU.ActiveCfg = Debug|Any CPU
		{A983672F-F455-48CB-8609-D76A2A9C7A6B}.Debug|Any CPU.Build.0 = Debug|Any CPU
		{A983672F-F455-48CB-8609-D76A2A9C7A6B}.Release|Any CPU.ActiveCfg = Release|Any CPU
		{A983672F-F455-48CB-8609-D76A2A9C7A6B}.Release|Any CPU.Build.0 = Release|Any CPU
	EndGlobalSection
	GlobalSection(SolutionProperties) = preSolution
		HideSolutionNode = FALSE
	EndGlobalSection
	GlobalSection(ExtensibilityGlobals) = postSolution
		SolutionGuid = {A94A88D1-A90C-43AC-8716-DB06CC93FDE5}
	EndGlobalSection
EndGlobal
